
Microsoft Visual Studio Solution File, Format Version 12.00
# Visual Studio Version 17
VisualStudioVersion = 17.0.31903.59
MinimumVisualStudioVersion = 10.0.40219.1
Project("{FAE04EC0-301F-11D3-BF4B-00C04F79EFBC}") = "WebApi", "WebApi\WebApi.csproj", "{E2FAE52F-E7FF-4FF0-A4B9-C0D44E86E4DB}"
EndProject
Project("{2150E333-8FDC-42A3-9474-1A3956D46DE8}") = "Tests", "Tests", "{AD205562-C32D-4E1D-A4E9-552240CA3F53}"
EndProject
Project("{FAE04EC0-301F-11D3-BF4B-00C04F79EFBC}") = "WebApi.UnitTests", "Tests\WebApi.UnitTests\WebApi.UnitTests.csproj", "{7EF50145-2604-4756-9E14-BF0680937B29}"
EndProject
Global
	GlobalSection(SolutionConfigurationPlatforms) = preSolution
		Debug|Any CPU = Debug|Any CPU
		Release|Any CPU = Release|Any CPU
	EndGlobalSection
	GlobalSection(SolutionProperties) = preSolution
		HideSolutionNode = FALSE
	EndGlobalSection
	GlobalSection(ProjectConfigurationPlatforms) = postSolution
		{E2FAE52F-E7FF-4FF0-A4B9-C0D44E86E4DB}.Debug|Any CPU.ActiveCfg = Debug|Any CPU
		{E2FAE52F-E7FF-4FF0-A4B9-C0D44E86E4DB}.Debug|Any CPU.Build.0 = Debug|Any CPU
		{E2FAE52F-E7FF-4FF0-A4B9-C0D44E86E4DB}.Release|Any CPU.ActiveCfg = Release|Any CPU
		{E2FAE52F-E7FF-4FF0-A4B9-C0D44E86E4DB}.Release|Any CPU.Build.0 = Release|Any CPU
		{7EF50145-2604-4756-9E14-BF0680937B29}.Debug|Any CPU.ActiveCfg = Debug|Any CPU
		{7EF50145-2604-4756-9E14-BF0680937B29}.Debug|Any CPU.Build.0 = Debug|Any CPU
		{7EF50145-2604-4756-9E14-BF0680937B29}.Release|Any CPU.ActiveCfg = Release|Any CPU
		{7EF50145-2604-4756-9E14-BF0680937B29}.Release|Any CPU.Build.0 = Release|Any CPU
	EndGlobalSection
	GlobalSection(NestedProjects) = preSolution
		{7EF50145-2604-4756-9E14-BF0680937B29} = {AD205562-C32D-4E1D-A4E9-552240CA3F53}
	EndGlobalSection
EndGlobal
